
Microsoft Visual Studio Solution File, Format Version 12.00
# Visual Studio 2012
Project("{FAE04EC0-301F-11D3-BF4B-00C04F79EFBC}") = "GIVE", "GIVE\GIVE.csproj", "{F2246B83-A276-4829-8A56-3AF56E852162}"
EndProject
Global
	GlobalSection(TeamFoundationVersionControl) = preSolution
		SccNumberOfProjects = 2
		SccEnterpriseProvider = {4CA58AB2-18FA-4F8D-95D4-32DDF27D184C}
		SccTeamFoundationServer = https://anilsahu.visualstudio.com/
		SccLocalPath0 = .
		SccProjectUniqueName1 = GIVE\\GIVE.csproj
		SccProjectName1 = GIVE
		SccLocalPath1 = GIVE
	EndGlobalSection
	GlobalSection(SolutionConfigurationPlatforms) = preSolution
		Debug|Any CPU = Debug|Any CPU
		Release|Any CPU = Release|Any CPU
	EndGlobalSection
	GlobalSection(ProjectConfigurationPlatforms) = postSolution
		{F2246B83-A276-4829-8A56-3AF56E852162}.Debug|Any CPU.ActiveCfg = Debug|Any CPU
		{F2246B83-A276-4829-8A56-3AF56E852162}.Debug|Any CPU.Build.0 = Debug|Any CPU
		{F2246B83-A276-4829-8A56-3AF56E852162}.Release|Any CPU.ActiveCfg = Release|Any CPU
		{F2246B83-A276-4829-8A56-3AF56E852162}.Release|Any CPU.Build.0 = Release|Any CPU
	EndGlobalSection
	GlobalSection(SolutionProperties) = preSolution
		HideSolutionNode = FALSE
	EndGlobalSection
EndGlobal
